{
  "name": "DataBindingTutorial",
  "version": "1.0.0",
  "lockfileVersion": 1,
  "requires": true,
  "dependencies": {
    "@openui5/sap.m": {
      "version": "1.82.1",
      "resolved": "https://registry.npmjs.org/@openui5/sap.m/-/sap.m-1.82.1.tgz",
      "integrity": "sha512-OrugvI7cJ8vBJyWWGfSrDIZDLZAU2mHi4C0hdPVASXmakj79Nll+5AJCdla0EvKiH+voze0172IAewBgjcuGzQ==",
      "requires": {
        "@openui5/sap.ui.core": "1.82.1",
        "@openui5/sap.ui.layout": "1.82.1",
        "@openui5/sap.ui.unified": "1.82.1"
      }
    },
    "@openui5/sap.ui.core": {
      "version": "1.82.1",
      "resolved": "https://registry.npmjs.org/@openui5/sap.ui.core/-/sap.ui.core-1.82.1.tgz",
      "integrity": "sha512-0rSH7HhqEwJvgYtPsM2lm2NnKy9SLnPecnYUugdIjSLx6xlwGdgNYTWxlZTZ3FjlTno906YmJLRspkO8BhtLtQ=="
    },
    "@openui5/sap.ui.layout": {
      "version": "1.82.1",
      "resolved": "https://registry.npmjs.org/@openui5/sap.ui.layout/-/sap.ui.layout-1.82.1.tgz",
      "integrity": "sha512-XwzmFoh09gPslTU0Jx9kJIC/YcnQsLd5vsF8YqLEpnslceLV6jGVt8uox5P/dxv+/ZqWQLhtFQbedaGtuCXdMQ==",
      "requires": {
        "@openui5/sap.ui.core": "1.82.1"
      }
    },
    "@openui5/sap.ui.unified": {
      "version": "1.82.1",
      "resolved": "https://registry.npmjs.org/@openui5/sap.ui.unified/-/sap.ui.unified-1.82.1.tgz",
      "integrity": "sha512-9J72kyQBpc3/BdDTY3LftiN15ytyOVFIaEgkK5xO+jfcmqi8CXD5j4I1ShlrFtiOxq37PiWfw7Dr9ubFYQ3vqw==",
      "requires": {
        "@openui5/sap.ui.core": "1.82.1"
      }
    },
    "@openui5/themelib_sap_belize": {
      "version": "1.82.1",
      "resolved": "https://registry.npmjs.org/@openui5/themelib_sap_belize/-/themelib_sap_belize-1.82.1.tgz",
      "integrity": "sha512-7kKqOf9jxZfGqWkHyTPz7nf2fuJoGehZmqUVwbKS1e6FvX7hm9ORYzHIIC90ovM1oH1QOb1q0rno3jDdGWnn2Q=="
    }
  }
}
